<?xml version="1.0" encoding="utf-8"?>
<Project ToolsVersion="4.0" xmlns="http://schemas.microsoft.com/developer/msbuild/2003">
  <ItemGroup>
    <Filter Include="Hook">
      <UniqueIdentifier>{6be4b27e-7284-4354-bf06-c737bfa5489a}</UniqueIdentifier>
    </Filter>
    <Filter Include="Main">
      <UniqueIdentifier>{6a0e45f2-ab20-4934-bf0a-484e6c207597}</UniqueIdentifier>
    </Filter>
    <Filter Include="MainData">
      <UniqueIdentifier>{30e0249d-b0c8-4efb-be51-0199b2482e05}</UniqueIdentifier>
    </Filter>
    <Filter Include="PatchClient">
      <UniqueIdentifier>{29ac9ad2-6d65-4bfc-89c5-4bfb211a6789}</UniqueIdentifier>
    </Filter>
    <Filter Include="SRO_Client">
      <UniqueIdentifier>{b4c7e5c3-c3cd-4462-ba3d-8295b8ec843f}</UniqueIdentifier>
    </Filter>
    <Filter Include="Data">
      <UniqueIdentifier>{ddd91aba-615f-4272-b9ac-f82a1e12148d}</UniqueIdentifier>
    </Filter>
    <Filter Include="GameFeatures">
      <UniqueIdentifier>{1bfe61c8-ff9f-47ec-bdc5-206028f59b4d}</UniqueIdentifier>
    </Filter>
    <Filter Include="GameFeatures\OldUnderBar">
      <UniqueIdentifier>{f598bdde-4fc3-4fdc-8871-dc43c68711ca}</UniqueIdentifier>
    </Filter>
    <Filter Include="GameFeatures\OldLoginScreen">
      <UniqueIdentifier>{d31be71d-72bb-409e-8514-51d18498eb85}</UniqueIdentifier>
    </Filter>
    <Filter Include="SRO_Client\Objects">
      <UniqueIdentifier>{20b71cb5-1fab-4710-ad7c-31a47f4ee2fd}</UniqueIdentifier>
    </Filter>
    <Filter Include="GameFeatures\OldTargetWnd">
      <UniqueIdentifier>{487abe34-78f8-4c7e-b41c-e2b390587d7f}</UniqueIdentifier>
    </Filter>
    <Filter Include="GameFeatures\OldItemToolTip">
      <UniqueIdentifier>{22eec781-08bc-4799-8828-712e281e1fb5}</UniqueIdentifier>
    </Filter>
    <Filter Include="GameFeatures\OldAlchemyWnd">
      <UniqueIdentifier>{f227f451-7f40-4ff3-ab84-8065bb23dea6}</UniqueIdentifier>
    </Filter>
    <Filter Include="GameFeatures\OldMainPopWnd">
      <UniqueIdentifier>{a9e32e31-94b1-4464-8236-6c983e663352}</UniqueIdentifier>
    </Filter>
  </ItemGroup>
  <ItemGroup>
    <ClInclude Include="MemoryHack.h">
      <Filter>Hook</Filter>
    </ClInclude>
    <ClInclude Include="SRO_ClientLib.h">
      <Filter>Main</Filter>
    </ClInclude>
    <ClInclude Include="stdafx.h">
      <Filter>MainData</Filter>
    </ClInclude>
    <ClInclude Include="targetver.h">
      <Filter>MainData</Filter>
    </ClInclude>
    <ClInclude Include="DataBank.h">
      <Filter>Data</Filter>
    </ClInclude>
    <ClInclude Include="PatchClient.h">
      <Filter>PatchClient</Filter>
    </ClInclude>
    <ClInclude Include="Globals.h">
      <Filter>MainData</Filter>
    </ClInclude>
    <ClInclude Include="PatchWatermark.h">
      <Filter>PatchClient</Filter>
    </ClInclude>
    <ClInclude Include="address_helper.h">
      <Filter>GameFeatures\OldLoginScreen</Filter>
    </ClInclude>
    <ClInclude Include="Character3D.h">
      <Filter>GameFeatures\OldLoginScreen</Filter>
    </ClInclude>
    <ClInclude Include="Keyframe.h">
      <Filter>GameFeatures\OldLoginScreen</Filter>
    </ClInclude>
    <ClInclude Include="PSCharacterSelect.h">
      <Filter>GameFeatures\OldLoginScreen</Filter>
    </ClInclude>
    <ClInclude Include="static_constructor.h">
      <Filter>GameFeatures\OldLoginScreen</Filter>
    </ClInclude>
    <ClInclude Include="Vec3.h">
      <Filter>GameFeatures\OldLoginScreen</Filter>
    </ClInclude>
    <ClInclude Include="OldLoginScreen.h">
      <Filter>GameFeatures\OldLoginScreen</Filter>
    </ClInclude>
    <ClInclude Include="IFUnderMenuBar.h">
      <Filter>SRO_Client</Filter>
    </ClInclude>
    <ClInclude Include="IFWnd.h">
      <Filter>SRO_Client</Filter>
    </ClInclude>
    <ClInclude Include="IFGauge.h">
      <Filter>SRO_Client</Filter>
    </ClInclude>
    <ClInclude Include="IFStatic.h">
      <Filter>SRO_Client</Filter>
    </ClInclude>
    <ClInclude Include="ICPlayer.h">
      <Filter>SRO_Client</Filter>
    </ClInclude>
    <ClInclude Include="GlobalDataManager.h">
      <Filter>SRO_Client</Filter>
    </ClInclude>
    <ClInclude Include="LevelData.h">
      <Filter>SRO_Client</Filter>
    </ClInclude>
    <ClInclude Include="ObjectData.h">
      <Filter>SRO_Client\Objects</Filter>
    </ClInclude>
    <ClInclude Include="OldUnderBar.h">
      <Filter>GameFeatures\OldUnderBar</Filter>
    </ClInclude>
    <ClInclude Include="OldTargetWnd.h">
      <Filter>GameFeatures\OldTargetWnd</Filter>
    </ClInclude>
    <ClInclude Include="OldItemTooltip.h">
      <Filter>GameFeatures\OldItemToolTip</Filter>
    </ClInclude>
    <ClInclude Include="IFHelperBubbleWindow.h">
      <Filter>SRO_Client</Filter>
    </ClInclude>
    <ClInclude Include="wstring05.h">
      <Filter>MainData</Filter>
    </ClInclude>
    <ClInclude Include="sro_wstring.h">
      <Filter>MainData</Filter>
    </ClInclude>
    <ClInclude Include="IFSlotWithHelp.h">
      <Filter>SRO_Client</Filter>
    </ClInclude>
    <ClInclude Include="SOItem.h">
      <Filter>SRO_Client\Objects</Filter>
    </ClInclude>
    <ClInclude Include="IFEquipment.h">
      <Filter>SRO_Client</Filter>
    </ClInclude>
    <ClInclude Include="IFMainPopup.h">
      <Filter>SRO_Client</Filter>
    </ClInclude>
    <ClInclude Include="IFInventory.h">
      <Filter>SRO_Client</Filter>
    </ClInclude>
    <ClInclude Include="GInterface.h">
      <Filter>SRO_Client</Filter>
    </ClInclude>
    <ClInclude Include="IRMManager.h">
      <Filter>SRO_Client</Filter>
    </ClInclude>
    <ClInclude Include="OldAlchemyWnd.h">
      <Filter>GameFeatures\OldAlchemyWnd</Filter>
    </ClInclude>
    <ClInclude Include="OldMainPopWnd.h">
      <Filter>GameFeatures\OldMainPopWnd</Filter>
    </ClInclude>
  </ItemGroup>
  <ItemGroup>
    <ClCompile Include="MemoryHack.cpp">
      <Filter>Hook</Filter>
    </ClCompile>
    <ClCompile Include="SRO_ClientLib.cpp">
      <Filter>Main</Filter>
    </ClCompile>
    <ClCompile Include="stdafx.cpp">
      <Filter>MainData</Filter>
    </ClCompile>
    <ClCompile Include="DataBank.cpp">
      <Filter>Data</Filter>
    </ClCompile>
    <ClCompile Include="PatchClient.cpp">
      <Filter>PatchClient</Filter>
    </ClCompile>
    <ClCompile Include="Globals.cpp">
      <Filter>MainData</Filter>
    </ClCompile>
    <ClCompile Include="PatchWatermark.cpp">
      <Filter>PatchClient</Filter>
    </ClCompile>
    <ClCompile Include="PSCharacterSelect.cpp">
      <Filter>GameFeatures\OldLoginScreen</Filter>
    </ClCompile>
    <ClCompile Include="static_constructor.cpp">
      <Filter>GameFeatures\OldLoginScreen</Filter>
    </ClCompile>
    <ClCompile Include="OldLoginScreen.cpp">
      <Filter>GameFeatures\OldLoginScreen</Filter>
    </ClCompile>
    <ClCompile Include="IFUnderMenuBar.cpp">
      <Filter>SRO_Client</Filter>
    </ClCompile>
    <ClCompile Include="GlobalDataManager.cpp">
      <Filter>SRO_Client</Filter>
    </ClCompile>
    <ClCompile Include="OldUnderBar.cpp">
      <Filter>GameFeatures\OldUnderBar</Filter>
    </ClCompile>
    <ClCompile Include="OldTargetWnd.cpp">
      <Filter>GameFeatures\OldTargetWnd</Filter>
    </ClCompile>
    <ClCompile Include="OldItemTooltip.cpp">
      <Filter>GameFeatures\OldItemToolTip</Filter>
    </ClCompile>
    <ClCompile Include="IFHelperBubbleWindow.cpp">
      <Filter>SRO_Client</Filter>
    </ClCompile>
    <ClCompile Include="IFSlotWithHelp.cpp">
      <Filter>SRO_Client</Filter>
    </ClCompile>
    <ClCompile Include="SOItem.cpp">
      <Filter>SRO_Client\Objects</Filter>
    </ClCompile>
    <ClCompile Include="IFEquipment.cpp">
      <Filter>SRO_Client</Filter>
    </ClCompile>
    <ClCompile Include="IFMainPopup.cpp">
      <Filter>SRO_Client</Filter>
    </ClCompile>
    <ClCompile Include="IFInventory.cpp">
      <Filter>SRO_Client</Filter>
    </ClCompile>
    <ClCompile Include="GInterface.cpp">
      <Filter>SRO_Client</Filter>
    </ClCompile>
    <ClCompile Include="IRMManager.cpp">
      <Filter>SRO_Client</Filter>
    </ClCompile>
    <ClCompile Include="OldAlchemyWnd.cpp">
      <Filter>GameFeatures\OldAlchemyWnd</Filter>
    </ClCompile>
    <ClCompile Include="OldMainPopWnd.cpp">
      <Filter>GameFeatures\OldMainPopWnd</Filter>
    </ClCompile>
  </ItemGroup>
</Project>